
Microsoft Visual Studio Solution File, Format Version 12.00
# Visual Studio Version 16
VisualStudioVersion = 16.0.29519.181
MinimumVisualStudioVersion = 10.0.40219.1
Project("{FAE04EC0-301F-11D3-BF4B-00C04F79EFBC}") = "Save Syncer", "Save Syncer\Save Syncer.csproj", "{8A1D26C8-5DE1-4E02-B451-EE0F4FBB7A50}"
EndProject
Global
	GlobalSection(SolutionConfigurationPlatforms) = preSolution
		Debug|Any CPU = Debug|Any CPU
		Release|Any CPU = Release|Any CPU
	EndGlobalSection
	GlobalSection(ProjectConfigurationPlatforms) = postSolution
		{8A1D26C8-5DE1-4E02-B451-EE0F4FBB7A50}.Debug|Any CPU.ActiveCfg = Debug|Any CPU
		{8A1D26C8-5DE1-4E02-B451-EE0F4FBB7A50}.Debug|Any CPU.Build.0 = Debug|Any CPU
		{8A1D26C8-5DE1-4E02-B451-EE0F4FBB7A50}.Release|Any CPU.ActiveCfg = Release|Any CPU
		{8A1D26C8-5DE1-4E02-B451-EE0F4FBB7A50}.Release|Any CPU.Build.0 = Release|Any CPU
	EndGlobalSection
	GlobalSection(SolutionProperties) = preSolution
		HideSolutionNode = FALSE
	EndGlobalSection
	GlobalSection(ExtensibilityGlobals) = postSolution
		SolutionGuid = {22DF49C2-8389-4822-A747-6794D1C0B1B5}
	EndGlobalSection
EndGlobal
